{
  "name": "elastical",
  "version": "0.0.11",
  "dependencies": {
    "request": {
      "version": "2.9.200"
    },
    "diff": {
      "version": "1.0.3"
    },
    "vows": {
      "version": "0.7.0",
      "dependencies": {
        "eyes": {
          "version": "0.1.8"
        }
      }
    }
  }
}
